%{
  "elixir_make": {:hex, :elixir_make, "0.9.0", "6484b3cd8c0cee58f09f05ecaf1a140a8c97670671a6a0e7ab4dc326c3109726", [:mix], [], "hexpm", "db23d4fd8b757462ad02f8aa73431a426fe6671c80b200d9710caf3d1dd0ffdb"},
  "extty": {:hex, :extty, "0.4.2", "a180d018cefe6df319859f160b7c94fd7c8119186f9e7b9f18952496dd3ca4d1", [:mix], [], "hexpm", "6d220e5655f293d8e7acb023b3d7ffffb3f294cc2762c3357036ac9459bb6d69"},
  "fwup": {:hex, :fwup, "1.1.0", "6c9d5f06a38263855dcf34f5a5b4da46c2ca42f6e3f873b8f932d095ce010765", [:mix], [], "hexpm", "3ff61d932a42785efc3324ecab6cf9bd3de75dacfca16d9e659a7173ef9f15d6"},
  "hpax": {:hex, :hpax, "1.0.3", "ed67ef51ad4df91e75cc6a1494f851850c0bd98ebc0be6e81b026e765ee535aa", [:mix], [], "hexpm", "8eab6e1cfa8d5918c2ce4ba43588e894af35dbd8e91e6e55c817bca5847df34a"},
  "jason": {:hex, :jason, "1.4.4", "b9226785a9aa77b6857ca22832cffa5d5011a667207eb2a0ad56adb5db443b8a", [:mix], [{:decimal, "~> 1.0 or ~> 2.0", [hex: :decimal, repo: "hexpm", optional: true]}], "hexpm", "c5eb0cab91f094599f94d55bc63409236a8ec69a21a67814529e8d5f6cc90b3b"},
  "mint": {:hex, :mint, "1.7.1", "113fdb2b2f3b59e47c7955971854641c61f378549d73e829e1768de90fc1abf1", [:mix], [{:castore, "~> 0.1.0 or ~> 1.0", [hex: :castore, repo: "hexpm", optional: true]}, {:hpax, "~> 0.1.1 or ~> 0.2.0 or ~> 1.0", [hex: :hpax, repo: "hexpm", optional: false]}], "hexpm", "fceba0a4d0f24301ddee3024ae116df1c3f4bb7a563a731f45fdfeb9d39a231b"},
  "mint_web_socket": {:hex, :mint_web_socket, "1.0.4", "0b539116dbb3d3f861cdf5e15e269a933cb501c113a14db7001a3157d96ffafd", [:mix], [{:mint, ">= 1.4.1 and < 2.0.0-0", [hex: :mint, repo: "hexpm", optional: false]}], "hexpm", "027d4c5529c45a4ba0ce27a01c0f35f284a5468519c045ca15f43decb360a991"},
  "muontrap": {:hex, :muontrap, "1.6.1", "4a81a159f64e4c7bf01162a7863559d634bc48929218690ada309a9a98a9ac22", [:make, :mix], [{:elixir_make, "~> 0.6", [hex: :elixir_make, repo: "hexpm", optional: false]}], "hexpm", "8ad31072402bebed3f554c9a463aa272c6dd964168c9cb81385f8711f068ed47"},
  "nerves_hub_link": {:hex, :nerves_hub_link, "2.7.3", "a66d1597c99a7b101102ef17bc6bb56f7aaecc318b8c64d602c2e529cdcbafa7", [:mix], [{:castore, "~> 0.1 or ~> 1.0", [hex: :castore, repo: "hexpm", optional: true]}, {:extty, "~> 0.4.1", [hex: :extty, repo: "hexpm", optional: false]}, {:fwup, "~> 1.0", [hex: :fwup, repo: "hexpm", optional: false]}, {:jason, "~> 1.0", [hex: :jason, repo: "hexpm", optional: false]}, {:mint, "~> 1.2", [hex: :mint, repo: "hexpm", optional: false]}, {:nerves_key, "~> 0.5 or ~> 1.0", [hex: :nerves_key, repo: "hexpm", optional: true]}, {:nerves_runtime, "~> 0.8", [hex: :nerves_runtime, repo: "hexpm", optional: false]}, {:nerves_time, "~> 0.4", [hex: :nerves_time, repo: "hexpm", optional: false]}, {:nimble_options, "~> 1.0", [hex: :nimble_options, repo: "hexpm", optional: false]}, {:plug_crypto, "~> 2.0", [hex: :plug_crypto, repo: "hexpm", optional: false]}, {:slipstream, "~> 0.8 or ~> 1.0", [hex: :slipstream, repo: "hexpm", optional: false]}, {:vintage_net, "~> 0.13", [hex: :vintage_net, repo: "hexpm", optional: true]}, {:whenwhere, "~> 0.1.2", [hex: :whenwhere, repo: "hexpm", optional: false]}, {:x509, "~> 0.5", [hex: :x509, repo: "hexpm", optional: false]}], "hexpm", "577363b037ec4c1c26448360f571c986764773d5421a681dd7099a5bf5cdbd1b"},
  "nerves_logging": {:hex, :nerves_logging, "0.2.3", "ea228c3e9b8f1655a21cdf7b547445364ce7c1559f009d73d1f9ee09d3002e48", [:make, :mix], [{:elixir_make, "~> 0.6", [hex: :elixir_make, repo: "hexpm", optional: false]}], "hexpm", "cb61e661b3dd27effdf383c73a8d8e13e19c757da5b9433f13248ad0c1c1b7eb"},
  "nerves_runtime": {:hex, :nerves_runtime, "0.13.8", "047fbef87f132dad33c65e06aaa558674535d253a469da695c7ce064b4a8d743", [:mix], [{:nerves_logging, "~> 0.2.0", [hex: :nerves_logging, repo: "hexpm", optional: false]}, {:nerves_uevent, "~> 0.1.0", [hex: :nerves_uevent, repo: "hexpm", optional: false]}, {:uboot_env, "~> 0.3.0 or ~> 1.0", [hex: :uboot_env, repo: "hexpm", optional: false]}], "hexpm", "10fa4921f99a921c6f5c15228d4de5fd593bf888532ead34aa2517f0d51ce4e3"},
  "nerves_time": {:hex, :nerves_time, "0.4.8", "50523376d487dfaea9bde973b9160a2ce811ade3ba2533776ef5c2ff4d80c277", [:make, :mix], [{:elixir_make, "~> 0.6", [hex: :elixir_make, repo: "hexpm", optional: false]}, {:muontrap, "~> 0.5 or ~> 1.0", [hex: :muontrap, repo: "hexpm", optional: false]}], "hexpm", "84479a25b725c24d1b758eaef3450043868591c8102c0ca1d7cc051a6402dd03"},
  "nerves_uevent": {:hex, :nerves_uevent, "0.1.1", "2cf5a612698722b2898d2d98dc157c30623b2158cde45a072ef2d489b221c653", [:make, :mix], [{:elixir_make, "~> 0.6", [hex: :elixir_make, repo: "hexpm", optional: false]}, {:property_table, "~> 0.2.0 or ~> 0.3.0", [hex: :property_table, repo: "hexpm", optional: false]}], "hexpm", "9a354034e1ccd199a7daa3ff94e8794b39a528219e940b2f4e7bf39d63367752"},
  "nimble_options": {:hex, :nimble_options, "1.1.1", "e3a492d54d85fc3fd7c5baf411d9d2852922f66e69476317787a7b2bb000a61b", [:mix], [], "hexpm", "821b2470ca9442c4b6984882fe9bb0389371b8ddec4d45a9504f00a66f650b44"},
  "plug_crypto": {:hex, :plug_crypto, "2.1.1", "19bda8184399cb24afa10be734f84a16ea0a2bc65054e23a62bb10f06bc89491", [:mix], [], "hexpm", "6470bce6ffe41c8bd497612ffde1a7e4af67f36a15eea5f921af71cf3e11247c"},
  "property_table": {:hex, :property_table, "0.3.1", "f71381dea834f9c62eff043c626e7af0ef5697258cb961040927e086c7ecb9b6", [:mix], [], "hexpm", "3ebc06667d3a95101a7dba5e9db800395bd5de6b8debbc5a064f78bb1ec5668b"},
  "slipstream": {:hex, :slipstream, "1.2.0", "f4e820752339d86d2f15f4103e163f538e3bb9c7fe353225afd1255178e1f051", [:mix], [{:jason, "~> 1.0", [hex: :jason, repo: "hexpm", optional: true]}, {:mint_web_socket, "~> 0.2 or ~> 1.0", [hex: :mint_web_socket, repo: "hexpm", optional: false]}, {:nimble_options, "~> 0.1 or ~> 1.0", [hex: :nimble_options, repo: "hexpm", optional: false]}, {:telemetry, "~> 0.4 or ~> 1.0", [hex: :telemetry, repo: "hexpm", optional: false]}], "hexpm", "f2fceddbb3c97331d348586e77c6425f4d150242dfaf392d22e8bd22f93d1f1e"},
  "telemetry": {:hex, :telemetry, "1.3.0", "fedebbae410d715cf8e7062c96a1ef32ec22e764197f70cda73d82778d61e7a2", [:rebar3], [], "hexpm", "7015fc8919dbe63764f4b4b87a95b7c0996bd539e0d499be6ec9d7f3875b79e6"},
  "uboot_env": {:hex, :uboot_env, "1.0.1", "b0e136cf1a561412ff7db23ed2b6df18d7c7ce2fc59941afd851006788a67f3d", [:mix], [], "hexpm", "b6d4fe7c24123be57ed946c48116d23173e37944bc945b8b76fccc437909c60b"},
  "whenwhere": {:hex, :whenwhere, "0.1.2", "d0b9928061b3e49dc9ade45db95206fb740ab00ca2283da331f0f9590e6f970e", [:mix], [], "hexpm", "b438bd7650571e4e94a59b31f0828287c93e8ca1064da5b6b1f2d5e7122b748b"},
  "x509": {:hex, :x509, "0.8.10", "5d1ec6d5f4db31982f9dc34e6a1eebd631d04599e0b6c1c259f1dadd4495e11f", [:mix], [], "hexpm", "a191221665af28b9bdfff0c986ef55f80e126d8ce751bbdf6cefa846410140c0"},
}
